
Microsoft Visual Studio Solution File, Format Version 12.00
# Visual Studio 15
VisualStudioVersion = 15.0.28307.489
MinimumVisualStudioVersion = 10.0.40219.1
Project("{FAE04EC0-301F-11D3-BF4B-00C04F79EFBC}") = "SoftwareEssentials", "SoftwareEssentials\SoftwareEssentials.csproj", "{120A012C-F6A2-432F-A8A4-A38314310B4B}"
EndProject
Project("{FAE04EC0-301F-11D3-BF4B-00C04F79EFBC}") = "SeTest", "SeTest\SeTest.csproj", "{E5D8D134-8575-4626-91EB-0668B4B12E10}"
EndProject
Global
	GlobalSection(SolutionConfigurationPlatforms) = preSolution
		Debug|Any CPU = Debug|Any CPU
		Release|Any CPU = Release|Any CPU
	EndGlobalSection
	GlobalSection(ProjectConfigurationPlatforms) = postSolution
		{120A012C-F6A2-432F-A8A4-A38314310B4B}.Debug|Any CPU.ActiveCfg = Debug|Any CPU
		{120A012C-F6A2-432F-A8A4-A38314310B4B}.Debug|Any CPU.Build.0 = Debug|Any CPU
		{120A012C-F6A2-432F-A8A4-A38314310B4B}.Release|Any CPU.ActiveCfg = Release|Any CPU
		{120A012C-F6A2-432F-A8A4-A38314310B4B}.Release|Any CPU.Build.0 = Release|Any CPU
		{E5D8D134-8575-4626-91EB-0668B4B12E10}.Debug|Any CPU.ActiveCfg = Debug|Any CPU
		{E5D8D134-8575-4626-91EB-0668B4B12E10}.Debug|Any CPU.Build.0 = Debug|Any CPU
		{E5D8D134-8575-4626-91EB-0668B4B12E10}.Release|Any CPU.ActiveCfg = Release|Any CPU
		{E5D8D134-8575-4626-91EB-0668B4B12E10}.Release|Any CPU.Build.0 = Release|Any CPU
	EndGlobalSection
	GlobalSection(SolutionProperties) = preSolution
		HideSolutionNode = FALSE
	EndGlobalSection
	GlobalSection(ExtensibilityGlobals) = postSolution
		SolutionGuid = {C8EB999A-E7F4-425E-B794-E87E70A4C642}
	EndGlobalSection
EndGlobal
